
Microsoft Visual Studio Solution File, Format Version 12.00
Project("{2150E333-8FDC-42A3-9474-1A3956D46DE8}") = "StorageAdapters", "StorageAdapters", "{D2EE9992-78F4-4A49-9431-15A86C3D12F6}"
EndProject
Project("{FAE04EC0-301F-11D3-BF4B-00C04F79EFBC}") = "Adapters", "StorageAdapters\Adapters\Adapters.csproj", "{0D00A755-758E-4C11-95AD-EB7FD5AF6778}"
EndProject
Project("{2150E333-8FDC-42A3-9474-1A3956D46DE8}") = "Orchestrator", "Orchestrator", "{0D1B5967-E04F-424B-80D6-BEA4ED3E9144}"
EndProject
Project("{FAE04EC0-301F-11D3-BF4B-00C04F79EFBC}") = "Sidecar", "Orchestrator\Sidecar\Sidecar.csproj", "{1DBB34D9-E50F-482B-8577-192936A83A2E}"
EndProject
Project("{2150E333-8FDC-42A3-9474-1A3956D46DE8}") = "tests", "tests", "{971E4D4B-6C59-447A-8294-DB88ECAFF762}"
EndProject
Project("{2150E333-8FDC-42A3-9474-1A3956D46DE8}") = "ComputeSteps", "ComputeSteps", "{67A9A331-31FC-416D-BFBB-60BE4303228D}"
EndProject
Project("{FAE04EC0-301F-11D3-BF4B-00C04F79EFBC}") = "Compute", "ComputeSteps\Compute\Compute.csproj", "{AE6FCD42-10AA-46D1-A559-BC16556CC5EE}"
EndProject
Project("{FAE04EC0-301F-11D3-BF4B-00C04F79EFBC}") = "OrchestratorService", "Orchestrator\OrchestratorService\OrchestratorService.csproj", "{84622D95-2FFF-44FA-8EFE-A9574AC8088E}"
EndProject
Project("{FAE04EC0-301F-11D3-BF4B-00C04F79EFBC}") = "LoadGenerator", "tests\LoadGenerator\LoadGenerator.csproj", "{4AD73920-4733-45C1-A196-6B5D5B6A4442}"
EndProject
Project("{2150E333-8FDC-42A3-9474-1A3956D46DE8}") = "Common", "Common", "{65689647-E7F1-4D4B-93ED-0B9668897E62}"
EndProject
Project("{FAE04EC0-301F-11D3-BF4B-00C04F79EFBC}") = "Commons", "Common\Commons\Commons.csproj", "{AED89F54-58AF-4F26-80BE-83FC39797AFF}"
EndProject
Project("{FAE04EC0-301F-11D3-BF4B-00C04F79EFBC}") = "DataMaster", "StorageAdapters\DataMaster\DataMaster.csproj", "{662D8C10-1D82-4942-A4C5-395A7A78EB40}"
EndProject
Project("{FAE04EC0-301F-11D3-BF4B-00C04F79EFBC}") = "TelemetryReader", "tests\TelemetryReader\TelemetryReader.csproj", "{62729BC4-44F8-44AF-8458-5B5B5A3F3234}"
EndProject
Project("{FAE04EC0-301F-11D3-BF4B-00C04F79EFBC}") = "BlobStorageTester", "tests\BlobStorageTester\BlobStorageTester.csproj", "{5EFA4ECB-7CE2-452F-83B1-D3432E71AF36}"
EndProject
Project("{FAE04EC0-301F-11D3-BF4B-00C04F79EFBC}") = "GrpcService", "tests\GrpcService\GrpcService.csproj", "{21562735-0754-4C7A-BCAF-B11B23E772A4}"
EndProject
Project("{FAE04EC0-301F-11D3-BF4B-00C04F79EFBC}") = "GrpcClient", "tests\GrpcClient\GrpcClient.csproj", "{0EBBE68C-CB77-4A3D-AEB7-1F56D8BE30DF}"
EndProject
Project("{FAE04EC0-301F-11D3-BF4B-00C04F79EFBC}") = "TestTcpClient", "tests\TestTcpClient\TestTcpClient.csproj", "{2288129C-6580-47D0-8872-F9EB723A4C71}"
EndProject
Global
	GlobalSection(SolutionConfigurationPlatforms) = preSolution
		Debug|Any CPU = Debug|Any CPU
		Release|Any CPU = Release|Any CPU
	EndGlobalSection
	GlobalSection(ProjectConfigurationPlatforms) = postSolution
		{0D00A755-758E-4C11-95AD-EB7FD5AF6778}.Debug|Any CPU.ActiveCfg = Debug|Any CPU
		{0D00A755-758E-4C11-95AD-EB7FD5AF6778}.Debug|Any CPU.Build.0 = Debug|Any CPU
		{0D00A755-758E-4C11-95AD-EB7FD5AF6778}.Release|Any CPU.ActiveCfg = Release|Any CPU
		{0D00A755-758E-4C11-95AD-EB7FD5AF6778}.Release|Any CPU.Build.0 = Release|Any CPU
		{1DBB34D9-E50F-482B-8577-192936A83A2E}.Debug|Any CPU.ActiveCfg = Debug|Any CPU
		{1DBB34D9-E50F-482B-8577-192936A83A2E}.Debug|Any CPU.Build.0 = Debug|Any CPU
		{1DBB34D9-E50F-482B-8577-192936A83A2E}.Release|Any CPU.ActiveCfg = Release|Any CPU
		{1DBB34D9-E50F-482B-8577-192936A83A2E}.Release|Any CPU.Build.0 = Release|Any CPU
		{AE6FCD42-10AA-46D1-A559-BC16556CC5EE}.Debug|Any CPU.ActiveCfg = Debug|Any CPU
		{AE6FCD42-10AA-46D1-A559-BC16556CC5EE}.Debug|Any CPU.Build.0 = Debug|Any CPU
		{AE6FCD42-10AA-46D1-A559-BC16556CC5EE}.Release|Any CPU.ActiveCfg = Release|Any CPU
		{AE6FCD42-10AA-46D1-A559-BC16556CC5EE}.Release|Any CPU.Build.0 = Release|Any CPU
		{84622D95-2FFF-44FA-8EFE-A9574AC8088E}.Debug|Any CPU.ActiveCfg = Debug|Any CPU
		{84622D95-2FFF-44FA-8EFE-A9574AC8088E}.Debug|Any CPU.Build.0 = Debug|Any CPU
		{84622D95-2FFF-44FA-8EFE-A9574AC8088E}.Release|Any CPU.ActiveCfg = Release|Any CPU
		{84622D95-2FFF-44FA-8EFE-A9574AC8088E}.Release|Any CPU.Build.0 = Release|Any CPU
		{4AD73920-4733-45C1-A196-6B5D5B6A4442}.Debug|Any CPU.ActiveCfg = Debug|Any CPU
		{4AD73920-4733-45C1-A196-6B5D5B6A4442}.Debug|Any CPU.Build.0 = Debug|Any CPU
		{4AD73920-4733-45C1-A196-6B5D5B6A4442}.Release|Any CPU.ActiveCfg = Release|Any CPU
		{4AD73920-4733-45C1-A196-6B5D5B6A4442}.Release|Any CPU.Build.0 = Release|Any CPU
		{AED89F54-58AF-4F26-80BE-83FC39797AFF}.Debug|Any CPU.ActiveCfg = Debug|Any CPU
		{AED89F54-58AF-4F26-80BE-83FC39797AFF}.Debug|Any CPU.Build.0 = Debug|Any CPU
		{AED89F54-58AF-4F26-80BE-83FC39797AFF}.Release|Any CPU.ActiveCfg = Release|Any CPU
		{AED89F54-58AF-4F26-80BE-83FC39797AFF}.Release|Any CPU.Build.0 = Release|Any CPU
		{662D8C10-1D82-4942-A4C5-395A7A78EB40}.Debug|Any CPU.ActiveCfg = Debug|Any CPU
		{662D8C10-1D82-4942-A4C5-395A7A78EB40}.Debug|Any CPU.Build.0 = Debug|Any CPU
		{662D8C10-1D82-4942-A4C5-395A7A78EB40}.Release|Any CPU.ActiveCfg = Release|Any CPU
		{662D8C10-1D82-4942-A4C5-395A7A78EB40}.Release|Any CPU.Build.0 = Release|Any CPU
		{62729BC4-44F8-44AF-8458-5B5B5A3F3234}.Debug|Any CPU.ActiveCfg = Debug|Any CPU
		{62729BC4-44F8-44AF-8458-5B5B5A3F3234}.Debug|Any CPU.Build.0 = Debug|Any CPU
		{62729BC4-44F8-44AF-8458-5B5B5A3F3234}.Release|Any CPU.ActiveCfg = Release|Any CPU
		{62729BC4-44F8-44AF-8458-5B5B5A3F3234}.Release|Any CPU.Build.0 = Release|Any CPU
		{5EFA4ECB-7CE2-452F-83B1-D3432E71AF36}.Debug|Any CPU.ActiveCfg = Debug|Any CPU
		{5EFA4ECB-7CE2-452F-83B1-D3432E71AF36}.Debug|Any CPU.Build.0 = Debug|Any CPU
		{5EFA4ECB-7CE2-452F-83B1-D3432E71AF36}.Release|Any CPU.ActiveCfg = Release|Any CPU
		{5EFA4ECB-7CE2-452F-83B1-D3432E71AF36}.Release|Any CPU.Build.0 = Release|Any CPU
		{21562735-0754-4C7A-BCAF-B11B23E772A4}.Debug|Any CPU.ActiveCfg = Debug|Any CPU
		{21562735-0754-4C7A-BCAF-B11B23E772A4}.Debug|Any CPU.Build.0 = Debug|Any CPU
		{21562735-0754-4C7A-BCAF-B11B23E772A4}.Release|Any CPU.ActiveCfg = Release|Any CPU
		{21562735-0754-4C7A-BCAF-B11B23E772A4}.Release|Any CPU.Build.0 = Release|Any CPU
		{0EBBE68C-CB77-4A3D-AEB7-1F56D8BE30DF}.Debug|Any CPU.ActiveCfg = Debug|Any CPU
		{0EBBE68C-CB77-4A3D-AEB7-1F56D8BE30DF}.Debug|Any CPU.Build.0 = Debug|Any CPU
		{0EBBE68C-CB77-4A3D-AEB7-1F56D8BE30DF}.Release|Any CPU.ActiveCfg = Release|Any CPU
		{0EBBE68C-CB77-4A3D-AEB7-1F56D8BE30DF}.Release|Any CPU.Build.0 = Release|Any CPU
		{2288129C-6580-47D0-8872-F9EB723A4C71}.Debug|Any CPU.ActiveCfg = Debug|Any CPU
		{2288129C-6580-47D0-8872-F9EB723A4C71}.Debug|Any CPU.Build.0 = Debug|Any CPU
		{2288129C-6580-47D0-8872-F9EB723A4C71}.Release|Any CPU.ActiveCfg = Release|Any CPU
		{2288129C-6580-47D0-8872-F9EB723A4C71}.Release|Any CPU.Build.0 = Release|Any CPU
	EndGlobalSection
	GlobalSection(NestedProjects) = preSolution
		{0D00A755-758E-4C11-95AD-EB7FD5AF6778} = {D2EE9992-78F4-4A49-9431-15A86C3D12F6}
		{1DBB34D9-E50F-482B-8577-192936A83A2E} = {0D1B5967-E04F-424B-80D6-BEA4ED3E9144}
		{AE6FCD42-10AA-46D1-A559-BC16556CC5EE} = {67A9A331-31FC-416D-BFBB-60BE4303228D}
		{84622D95-2FFF-44FA-8EFE-A9574AC8088E} = {0D1B5967-E04F-424B-80D6-BEA4ED3E9144}
		{4AD73920-4733-45C1-A196-6B5D5B6A4442} = {971E4D4B-6C59-447A-8294-DB88ECAFF762}
		{AED89F54-58AF-4F26-80BE-83FC39797AFF} = {65689647-E7F1-4D4B-93ED-0B9668897E62}
		{662D8C10-1D82-4942-A4C5-395A7A78EB40} = {D2EE9992-78F4-4A49-9431-15A86C3D12F6}
		{62729BC4-44F8-44AF-8458-5B5B5A3F3234} = {971E4D4B-6C59-447A-8294-DB88ECAFF762}
		{5EFA4ECB-7CE2-452F-83B1-D3432E71AF36} = {971E4D4B-6C59-447A-8294-DB88ECAFF762}
		{21562735-0754-4C7A-BCAF-B11B23E772A4} = {971E4D4B-6C59-447A-8294-DB88ECAFF762}
		{0EBBE68C-CB77-4A3D-AEB7-1F56D8BE30DF} = {971E4D4B-6C59-447A-8294-DB88ECAFF762}
		{2288129C-6580-47D0-8872-F9EB723A4C71} = {971E4D4B-6C59-447A-8294-DB88ECAFF762}
	EndGlobalSection
EndGlobal
